
Microsoft Visual Studio Solution File, Format Version 12.00
# Visual Studio 2017
Project("{FAE04EC0-301F-11D3-BF4B-00C04F79EFBC}") = "Visual Novel Example 2", "Visual Novel Example 2.csproj", "{BB81CEB9-D947-4CFA-1A06-DFFBEDDCFB3D}"
EndProject
Project("{FAE04EC0-301F-11D3-BF4B-00C04F79EFBC}") = "Visual Novel Example 2", "Visual Novel Example 2.csproj", "{BB81CEB9-D947-4CFA-1A06-DFFBEDDCFB3D}"
EndProject
Project("{FAE04EC0-301F-11D3-BF4B-00C04F79EFBC}") = "Visual Novel Example 2.Editor", "Visual Novel Example 2.Editor.csproj", "{BF89B17A-629D-AF4D-24CF-08C4639D527C}"
EndProject
Project("{FAE04EC0-301F-11D3-BF4B-00C04F79EFBC}") = "Visual Novel Example 2.Editor", "Visual Novel Example 2.Editor.csproj", "{BF89B17A-629D-AF4D-24CF-08C4639D527C}"
EndProject
Project("{FAE04EC0-301F-11D3-BF4B-00C04F79EFBC}") = "Visual Novel Example 2.Editor", "Visual Novel Example 2.Editor.csproj", "{BF89B17A-629D-AF4D-24CF-08C4639D527C}"
EndProject
Project("{FAE04EC0-301F-11D3-BF4B-00C04F79EFBC}") = "Visual Novel Example 2.Editor", "Visual Novel Example 2.Editor.csproj", "{BF89B17A-629D-AF4D-24CF-08C4639D527C}"
EndProject
Global
	GlobalSection(SolutionConfigurationPlatforms) = preSolution
		Debug|Any CPU = Debug|Any CPU
		Release|Any CPU = Release|Any CPU
	EndGlobalSection
	GlobalSection(ProjectConfigurationPlatforms) = postSolution
		{BB81CEB9-D947-4CFA-1A06-DFFBEDDCFB3D}.Debug|Any CPU.ActiveCfg = Debug|Any CPU
		{BB81CEB9-D947-4CFA-1A06-DFFBEDDCFB3D}.Debug|Any CPU.Build.0 = Debug|Any CPU
		{BB81CEB9-D947-4CFA-1A06-DFFBEDDCFB3D}.Release|Any CPU.ActiveCfg = Release|Any CPU
		{BB81CEB9-D947-4CFA-1A06-DFFBEDDCFB3D}.Release|Any CPU.Build.0 = Release|Any CPU
		{BB81CEB9-D947-4CFA-1A06-DFFBEDDCFB3D}.Debug|Any CPU.ActiveCfg = Debug|Any CPU
		{BB81CEB9-D947-4CFA-1A06-DFFBEDDCFB3D}.Debug|Any CPU.Build.0 = Debug|Any CPU
		{BB81CEB9-D947-4CFA-1A06-DFFBEDDCFB3D}.Release|Any CPU.ActiveCfg = Release|Any CPU
		{BB81CEB9-D947-4CFA-1A06-DFFBEDDCFB3D}.Release|Any CPU.Build.0 = Release|Any CPU
		{BF89B17A-629D-AF4D-24CF-08C4639D527C}.Debug|Any CPU.ActiveCfg = Debug|Any CPU
		{BF89B17A-629D-AF4D-24CF-08C4639D527C}.Debug|Any CPU.Build.0 = Debug|Any CPU
		{BF89B17A-629D-AF4D-24CF-08C4639D527C}.Release|Any CPU.ActiveCfg = Release|Any CPU
		{BF89B17A-629D-AF4D-24CF-08C4639D527C}.Release|Any CPU.Build.0 = Release|Any CPU
		{BF89B17A-629D-AF4D-24CF-08C4639D527C}.Debug|Any CPU.ActiveCfg = Debug|Any CPU
		{BF89B17A-629D-AF4D-24CF-08C4639D527C}.Debug|Any CPU.Build.0 = Debug|Any CPU
		{BF89B17A-629D-AF4D-24CF-08C4639D527C}.Release|Any CPU.ActiveCfg = Release|Any CPU
		{BF89B17A-629D-AF4D-24CF-08C4639D527C}.Release|Any CPU.Build.0 = Release|Any CPU
		{BF89B17A-629D-AF4D-24CF-08C4639D527C}.Debug|Any CPU.ActiveCfg = Debug|Any CPU
		{BF89B17A-629D-AF4D-24CF-08C4639D527C}.Debug|Any CPU.Build.0 = Debug|Any CPU
		{BF89B17A-629D-AF4D-24CF-08C4639D527C}.Release|Any CPU.ActiveCfg = Release|Any CPU
		{BF89B17A-629D-AF4D-24CF-08C4639D527C}.Release|Any CPU.Build.0 = Release|Any CPU
		{BF89B17A-629D-AF4D-24CF-08C4639D527C}.Debug|Any CPU.ActiveCfg = Debug|Any CPU
		{BF89B17A-629D-AF4D-24CF-08C4639D527C}.Debug|Any CPU.Build.0 = Debug|Any CPU
		{BF89B17A-629D-AF4D-24CF-08C4639D527C}.Release|Any CPU.ActiveCfg = Release|Any CPU
		{BF89B17A-629D-AF4D-24CF-08C4639D527C}.Release|Any CPU.Build.0 = Release|Any CPU
	EndGlobalSection
	GlobalSection(SolutionProperties) = preSolution
		HideSolutionNode = FALSE
	EndGlobalSection
EndGlobal
