
Microsoft Visual Studio Solution File, Format Version 11.00
# Visual Studio 2010
Project("{FAE04EC0-301F-11D3-BF4B-00C04F79EFBC}") = "Assembly-CSharp", "Assembly-CSharp.csproj", "{65EBFA6F-A92B-8A1B-8012-64B039301D8B}"
EndProject
Project("{FAE04EC0-301F-11D3-BF4B-00C04F79EFBC}") = "Assembly-CSharp-Editor", "Assembly-CSharp-Editor.csproj", "{863393E9-A6AE-3FE7-6A4C-50553AB0DC29}"
EndProject
Global
	GlobalSection(SolutionConfigurationPlatforms) = preSolution
		Debug|Any CPU = Debug|Any CPU
		Release|Any CPU = Release|Any CPU
	EndGlobalSection
	GlobalSection(ProjectConfigurationPlatforms) = postSolution
		{65EBFA6F-A92B-8A1B-8012-64B039301D8B}.Debug|Any CPU.ActiveCfg = Debug|Any CPU
		{65EBFA6F-A92B-8A1B-8012-64B039301D8B}.Debug|Any CPU.Build.0 = Debug|Any CPU
		{65EBFA6F-A92B-8A1B-8012-64B039301D8B}.Release|Any CPU.ActiveCfg = Release|Any CPU
		{65EBFA6F-A92B-8A1B-8012-64B039301D8B}.Release|Any CPU.Build.0 = Release|Any CPU
		{863393E9-A6AE-3FE7-6A4C-50553AB0DC29}.Debug|Any CPU.ActiveCfg = Debug|Any CPU
		{863393E9-A6AE-3FE7-6A4C-50553AB0DC29}.Debug|Any CPU.Build.0 = Debug|Any CPU
		{863393E9-A6AE-3FE7-6A4C-50553AB0DC29}.Release|Any CPU.ActiveCfg = Release|Any CPU
		{863393E9-A6AE-3FE7-6A4C-50553AB0DC29}.Release|Any CPU.Build.0 = Release|Any CPU
	EndGlobalSection
	GlobalSection(SolutionProperties) = preSolution
		HideSolutionNode = FALSE
	EndGlobalSection
	GlobalSection(MonoDevelopProperties) = preSolution
		StartupItem = Assembly-CSharp.csproj
	EndGlobalSection
EndGlobal
